// !$*UTF8*$!
{
	archiveVersion = 1;
	classes = {
	};
	objectVersion = 46;
	objects = {

/* Begin PBXBuildFile section */
		18889C5919BAF20500D04FA1 /* Foundation.framework in Frameworks */ = {isa = PBXBuildFile; fileRef = 18889C5819BAF20500D04FA1 /* Foundation.framework */; };
		18889C5B19BAF20500D04FA1 /* CoreGraphics.framework in Frameworks */ = {isa = PBXBuildFile; fileRef = 18889C5A19BAF20500D04FA1 /* CoreGraphics.framework */; };
		18889C5D19BAF20500D04FA1 /* UIKit.framework in Frameworks */ = {isa = PBXBuildFile; fileRef = 18889C5C19BAF20500D04FA1 /* UIKit.framework */; };
		18889C6319BAF20500D04FA1 /* InfoPlist.strings in Resources */ = {isa = PBXBuildFile; fileRef = 18889C6119BAF20500D04FA1 /* InfoPlist.strings */; };
		18889C6519BAF20500D04FA1 /* main.m in Sources */ = {isa = PBXBuildFile; fileRef = 18889C6419BAF20500D04FA1 /* main.m */; };
		18889C6919BAF20500D04FA1 /* HMAppDelegate.m in Sources */ = {isa = PBXBuildFile; fileRef = 18889C6819BAF20500D04FA1 /* HMAppDelegate.m */; };
		18889C6C19BAF20500D04FA1 /* Main.storyboard in Resources */ = {isa = PBXBuildFile; fileRef = 18889C6A19BAF20500D04FA1 /* Main.storyboard */; };
		18889C6F19BAF20500D04FA1 /* HMViewController.m in Sources */ = {isa = PBXBuildFile; fileRef = 18889C6E19BAF20500D04FA1 /* HMViewController.m */; };
		18889C7119BAF20500D04FA1 /* Images.xcassets in Resources */ = {isa = PBXBuildFile; fileRef = 18889C7019BAF20500D04FA1 /* Images.xcassets */; };
		18889C7819BAF20500D04FA1 /* XCTest.framework in Frameworks */ = {isa = PBXBuildFile; fileRef = 18889C7719BAF20500D04FA1 /* XCTest.framework */; };
		18889C7919BAF20500D04FA1 /* Foundation.framework in Frameworks */ = {isa = PBXBuildFile; fileRef = 18889C5819BAF20500D04FA1 /* Foundation.framework */; };
		18889C7A19BAF20500D04FA1 /* UIKit.framework in Frameworks */ = {isa = PBXBuildFile; fileRef = 18889C5C19BAF20500D04FA1 /* UIKit.framework */; };
		18889C8219BAF20500D04FA1 /* InfoPlist.strings in Resources */ = {isa = PBXBuildFile; fileRef = 18889C8019BAF20500D04FA1 /* InfoPlist.strings */; };
		18889C8419BAF20500D04FA1 /* _8_____Tests.m in Sources */ = {isa = PBXBuildFile; fileRef = 18889C8319BAF20500D04FA1 /* _8_____Tests.m */; };
/* End PBXBuildFile section */

/* Begin PBXContainerItemProxy section */
		18889C7B19BAF20500D04FA1 /* PBXContainerItemProxy */ = {
			isa = PBXContainerItemProxy;
			containerPortal = 18889C4D19BAF20500D04FA1 /* Project object */;
			proxyType = 1;
			remoteGlobalIDString = 18889C5419BAF20500D04FA1;
			remoteInfo = "08-转场动画";
		};
/* End PBXContainerItemProxy section */

/* Begin PBXFileReference section */
		18889C5519BAF20500D04FA1 /* 08-转场动画.app */ = {isa = PBXFileReference; explicitFileType = wrapper.application; includeInIndex = 0; path = "08-转场动画.app"; sourceTree = BUILT_PRODUCTS_DIR; };
		18889C5819BAF20500D04FA1 /* Foundation.framework */ = {isa = PBXFileReference; lastKnownFileType = wrapper.framework; name = Foundation.framework; path = System/Library/Frameworks/Foundation.framework; sourceTree = SDKROOT; };
		18889C5A19BAF20500D04FA1 /* CoreGraphics.framework */ = {isa = PBXFileReference; lastKnownFileType = wrapper.framework; name = CoreGraphics.framework; path = System/Library/Frameworks/CoreGraphics.framework; sourceTree = SDKROOT; };
		18889C5C19BAF20500D04FA1 /* UIKit.framework */ = {isa = PBXFileReference; lastKnownFileType = wrapper.framework; name = UIKit.framework; path = System/Library/Frameworks/UIKit.framework; sourceTree = SDKROOT; };
		18889C6019BAF20500D04FA1 /* 08-转场动画-Info.plist */ = {isa = PBXFileReference; lastKnownFileType = text.plist.xml; path = "08-转场动画-Info.plist"; sourceTree = "<group>"; };
		18889C6219BAF20500D04FA1 /* en */ = {isa = PBXFileReference; lastKnownFileType = text.plist.strings; name = en; path = en.lproj/InfoPlist.strings; sourceTree = "<group>"; };
		18889C6419BAF20500D04FA1 /* main.m */ = {isa = PBXFileReference; lastKnownFileType = sourcecode.c.objc; path = main.m; sourceTree = "<group>"; };
		18889C6619BAF20500D04FA1 /* 08-转场动画-Prefix.pch */ = {isa = PBXFileReference; lastKnownFileType = sourcecode.c.h; path = "08-转场动画-Prefix.pch"; sourceTree = "<group>"; };
		18889C6719BAF20500D04FA1 /* HMAppDelegate.h */ = {isa = PBXFileReference; lastKnownFileType = sourcecode.c.h; path = HMAppDelegate.h; sourceTree = "<group>"; };
		18889C6819BAF20500D04FA1 /* HMAppDelegate.m */ = {isa = PBXFileReference; lastKnownFileType = sourcecode.c.objc; path = HMAppDelegate.m; sourceTree = "<group>"; };
		18889C6B19BAF20500D04FA1 /* Base */ = {isa = PBXFileReference; lastKnownFileType = file.storyboard; name = Base; path = Base.lproj/Main.storyboard; sourceTree = "<group>"; };
		18889C6D19BAF20500D04FA1 /* HMViewController.h */ = {isa = PBXFileReference; lastKnownFileType = sourcecode.c.h; path = HMViewController.h; sourceTree = "<group>"; };
		18889C6E19BAF20500D04FA1 /* HMViewController.m */ = {isa = PBXFileReference; lastKnownFileType = sourcecode.c.objc; path = HMViewController.m; sourceTree = "<group>"; };
		18889C7019BAF20500D04FA1 /* Images.xcassets */ = {isa = PBXFileReference; lastKnownFileType = folder.assetcatalog; path = Images.xcassets; sourceTree = "<group>"; };
		18889C7619BAF20500D04FA1 /* 08-转场动画Tests.xctest */ = {isa = PBXFileReference; explicitFileType = wrapper.cfbundle; includeInIndex = 0; path = "08-转场动画Tests.xctest"; sourceTree = BUILT_PRODUCTS_DIR; };
		18889C7719BAF20500D04FA1 /* XCTest.framework */ = {isa = PBXFileReference; lastKnownFileType = wrapper.framework; name = XCTest.framework; path = Library/Frameworks/XCTest.framework; sourceTree = DEVELOPER_DIR; };
		18889C7F19BAF20500D04FA1 /* 08-转场动画Tests-Info.plist */ = {isa = PBXFileReference; lastKnownFileType = text.plist.xml; path = "08-转场动画Tests-Info.plist"; sourceTree = "<group>"; };
		18889C8119BAF20500D04FA1 /* en */ = {isa = PBXFileReference; lastKnownFileType = text.plist.strings; name = en; path = en.lproj/InfoPlist.strings; sourceTree = "<group>"; };
		18889C8319BAF20500D04FA1 /* _8_____Tests.m */ = {isa = PBXFileReference; lastKnownFileType = sourcecode.c.objc; path = "_8_____Tests.m"; sourceTree = "<group>"; };
/* End PBXFileReference section */

/* Begin PBXFrameworksBuildPhase section */
		18889C5219BAF20500D04FA1 /* Frameworks */ = {
			isa = PBXFrameworksBuildPhase;
			buildActionMask = 2147483647;
			files = (
				18889C5B19BAF20500D04FA1 /* CoreGraphics.framework in Frameworks */,
				18889C5D19BAF20500D04FA1 /* UIKit.framework in Frameworks */,
				18889C5919BAF20500D04FA1 /* Foundation.framework in Frameworks */,
			);
			runOnlyForDeploymentPostprocessing = 0;
		};
		18889C7319BAF20500D04FA1 /* Frameworks */ = {
			isa = PBXFrameworksBuildPhase;
			buildActionMask = 2147483647;
			files = (
				18889C7819BAF20500D04FA1 /* XCTest.framework in Frameworks */,
				18889C7A19BAF20500D04FA1 /* UIKit.framework in Frameworks */,
				18889C7919BAF20500D04FA1 /* Foundation.framework in Frameworks */,
			);
			runOnlyForDeploymentPostprocessing = 0;
		};
/* End PBXFrameworksBuildPhase section */

/* Begin PBXGroup section */
		18889C4C19BAF20500D04FA1 = {
			isa = PBXGroup;
			children = (
				18889C5E19BAF20500D04FA1 /* 08-转场动画 */,
				18889C7D19BAF20500D04FA1 /* 08-转场动画Tests */,
				18889C5719BAF20500D04FA1 /* Frameworks */,
				18889C5619BAF20500D04FA1 /* Products */,
			);
			sourceTree = "<group>";
		};
		18889C5619BAF20500D04FA1 /* Products */ = {
			isa = PBXGroup;
			children = (
				18889C5519BAF20500D04FA1 /* 08-转场动画.app */,
				18889C7619BAF20500D04FA1 /* 08-转场动画Tests.xctest */,
			);
			name = Products;
			sourceTree = "<group>";
		};
		18889C5719BAF20500D04FA1 /* Frameworks */ = {
			isa = PBXGroup;
			children = (
				18889C5819BAF20500D04FA1 /* Foundation.framework */,
				18889C5A19BAF20500D04FA1 /* CoreGraphics.framework */,
				18889C5C19BAF20500D04FA1 /* UIKit.framework */,
				18889C7719BAF20500D04FA1 /* XCTest.framework */,
			);
			name = Frameworks;
			sourceTree = "<group>";
		};
		18889C5E19BAF20500D04FA1 /* 08-转场动画 */ = {
			isa = PBXGroup;
			children = (
				18889C6719BAF20500D04FA1 /* HMAppDelegate.h */,
				18889C6819BAF20500D04FA1 /* HMAppDelegate.m */,
				18889C6A19BAF20500D04FA1 /* Main.storyboard */,
				18889C6D19BAF20500D04FA1 /* HMViewController.h */,
				18889C6E19BAF20500D04FA1 /* HMViewController.m */,
				18889C7019BAF20500D04FA1 /* Images.xcassets */,
				18889C5F19BAF20500D04FA1 /* Supporting Files */,
			);
			path = "08-转场动画";
			sourceTree = "<group>";
		};
		18889C5F19BAF20500D04FA1 /* Supporting Files */ = {
			isa = PBXGroup;
			children = (
				18889C6019BAF20500D04FA1 /* 08-转场动画-Info.plist */,
				18889C6119BAF20500D04FA1 /* InfoPlist.strings */,
				18889C6419BAF20500D04FA1 /* main.m */,
				18889C6619BAF20500D04FA1 /* 08-转场动画-Prefix.pch */,
			);
			name = "Supporting Files";
			sourceTree = "<group>";
		};
		18889C7D19BAF20500D04FA1 /* 08-转场动画Tests */ = {
			isa = PBXGroup;
			children = (
				18889C8319BAF20500D04FA1 /* _8_____Tests.m */,
				18889C7E19BAF20500D04FA1 /* Supporting Files */,
			);
			path = "08-转场动画Tests";
			sourceTree = "<group>";
		};
		18889C7E19BAF20500D04FA1 /* Supporting Files */ = {
			isa = PBXGroup;
			children = (
				18889C7F19BAF20500D04FA1 /* 08-转场动画Tests-Info.plist */,
				18889C8019BAF20500D04FA1 /* InfoPlist.strings */,
			);
			name = "Supporting Files";
			sourceTree = "<group>";
		};
/* End PBXGroup section */

/* Begin PBXNativeTarget section */
		18889C5419BAF20500D04FA1 /* 08-转场动画 */ = {
			isa = PBXNativeTarget;
			buildConfigurationList = 18889C8719BAF20500D04FA1 /* Build configuration list for PBXNativeTarget "08-转场动画" */;
			buildPhases = (
				18889C5119BAF20500D04FA1 /* Sources */,
				18889C5219BAF20500D04FA1 /* Frameworks */,
				18889C5319BAF20500D04FA1 /* Resources */,
			);
			buildRules = (
			);
			dependencies = (
			);
			name = "08-转场动画";
			productName = "08-转场动画";
			productReference = 18889C5519BAF20500D04FA1 /* 08-转场动画.app */;
			productType = "com.apple.product-type.application";
		};
		18889C7519BAF20500D04FA1 /* 08-转场动画Tests */ = {
			isa = PBXNativeTarget;
			buildConfigurationList = 18889C8A19BAF20500D04FA1 /* Build configuration list for PBXNativeTarget "08-转场动画Tests" */;
			buildPhases = (
				18889C7219BAF20500D04FA1 /* Sources */,
				18889C7319BAF20500D04FA1 /* Frameworks */,
				18889C7419BAF20500D04FA1 /* Resources */,
			);
			buildRules = (
			);
			dependencies = (
				18889C7C19BAF20500D04FA1 /* PBXTargetDependency */,
			);
			name = "08-转场动画Tests";
			productName = "08-转场动画Tests";
			productReference = 18889C7619BAF20500D04FA1 /* 08-转场动画Tests.xctest */;
			productType = "com.apple.product-type.bundle.unit-test";
		};
/* End PBXNativeTarget section */

/* Begin PBXProject section */
		18889C4D19BAF20500D04FA1 /* Project object */ = {
			isa = PBXProject;
			attributes = {
				CLASSPREFIX = HM;
				LastUpgradeCheck = 0510;
				ORGANIZATIONNAME = itcast;
				TargetAttributes = {
					18889C5419BAF20500D04FA1 = {
						DevelopmentTeam = XYBK7B7U6R;
					};
					18889C7519BAF20500D04FA1 = {
						TestTargetID = 18889C5419BAF20500D04FA1;
					};
				};
			};
			buildConfigurationList = 18889C5019BAF20500D04FA1 /* Build configuration list for PBXProject "08-转场动画" */;
			compatibilityVersion = "Xcode 3.2";
			developmentRegion = English;
			hasScannedForEncodings = 0;
			knownRegions = (
				English,
				en,
				Base,
			);
			mainGroup = 18889C4C19BAF20500D04FA1;
			productRefGroup = 18889C5619BAF20500D04FA1 /* Products */;
			projectDirPath = "";
			projectRoot = "";
			targets = (
				18889C5419BAF20500D04FA1 /* 08-转场动画 */,
				18889C7519BAF20500D04FA1 /* 08-转场动画Tests */,
			);
		};
/* End PBXProject section */

/* Begin PBXResourcesBuildPhase section */
		18889C5319BAF20500D04FA1 /* Resources */ = {
			isa = PBXResourcesBuildPhase;
			buildActionMask = 2147483647;
			files = (
				18889C7119BAF20500D04FA1 /* Images.xcassets in Resources */,
				18889C6319BAF20500D04FA1 /* InfoPlist.strings in Resources */,
				18889C6C19BAF20500D04FA1 /* Main.storyboard in Resources */,
			);
			runOnlyForDeploymentPostprocessing = 0;
		};
		18889C7419BAF20500D04FA1 /* Resources */ = {
			isa = PBXResourcesBuildPhase;
			buildActionMask = 2147483647;
			files = (
				18889C8219BAF20500D04FA1 /* InfoPlist.strings in Resources */,
			);
			runOnlyForDeploymentPostprocessing = 0;
		};
/* End PBXResourcesBuildPhase section */

/* Begin PBXSourcesBuildPhase section */
		18889C5119BAF20500D04FA1 /* Sources */ = {
			isa = PBXSourcesBuildPhase;
			buildActionMask = 2147483647;
			files = (
				18889C6F19BAF20500D04FA1 /* HMViewController.m in Sources */,
				18889C6519BAF20500D04FA1 /* main.m in Sources */,
				18889C6919BAF20500D04FA1 /* HMAppDelegate.m in Sources */,
			);
			runOnlyForDeploymentPostprocessing = 0;
		};
		18889C7219BAF20500D04FA1 /* Sources */ = {
			isa = PBXSourcesBuildPhase;
			buildActionMask = 2147483647;
			files = (
				18889C8419BAF20500D04FA1 /* _8_____Tests.m in Sources */,
			);
			runOnlyForDeploymentPostprocessing = 0;
		};
/* End PBXSourcesBuildPhase section */

/* Begin PBXTargetDependency section */
		18889C7C19BAF20500D04FA1 /* PBXTargetDependency */ = {
			isa = PBXTargetDependency;
			target = 18889C5419BAF20500D04FA1 /* 08-转场动画 */;
			targetProxy = 18889C7B19BAF20500D04FA1 /* PBXContainerItemProxy */;
		};
/* End PBXTargetDependency section */

/* Begin PBXVariantGroup section */
		18889C6119BAF20500D04FA1 /* InfoPlist.strings */ = {
			isa = PBXVariantGroup;
			children = (
				18889C6219BAF20500D04FA1 /* en */,
			);
			name = InfoPlist.strings;
			sourceTree = "<group>";
		};
		18889C6A19BAF20500D04FA1 /* Main.storyboard */ = {
			isa = PBXVariantGroup;
			children = (
				18889C6B19BAF20500D04FA1 /* Base */,
			);
			name = Main.storyboard;
			sourceTree = "<group>";
		};
		18889C8019BAF20500D04FA1 /* InfoPlist.strings */ = {
			isa = PBXVariantGroup;
			children = (
				18889C8119BAF20500D04FA1 /* en */,
			);
			name = InfoPlist.strings;
			sourceTree = "<group>";
		};
/* End PBXVariantGroup section */

/* Begin XCBuildConfiguration section */
		18889C8519BAF20500D04FA1 /* Debug */ = {
			isa = XCBuildConfiguration;
			buildSettings = {
				ALWAYS_SEARCH_USER_PATHS = NO;
				CLANG_CXX_LANGUAGE_STANDARD = "gnu++0x";
				CLANG_CXX_LIBRARY = "libc++";
				CLANG_ENABLE_MODULES = YES;
				CLANG_ENABLE_OBJC_ARC = YES;
				CLANG_WARN_BOOL_CONVERSION = YES;
				CLANG_WARN_CONSTANT_CONVERSION = YES;
				CLANG_WARN_DIRECT_OBJC_ISA_USAGE = YES_ERROR;
				CLANG_WARN_EMPTY_BODY = YES;
				CLANG_WARN_ENUM_CONVERSION = YES;
				CLANG_WARN_INT_CONVERSION = YES;
				CLANG_WARN_OBJC_ROOT_CLASS = YES_ERROR;
				CLANG_WARN__DUPLICATE_METHOD_MATCH = YES;
				"CODE_SIGN_IDENTITY[sdk=iphoneos*]" = "iPhone Developer";
				COPY_PHASE_STRIP = NO;
				GCC_C_LANGUAGE_STANDARD = gnu99;
				GCC_DYNAMIC_NO_PIC = NO;
				GCC_OPTIMIZATION_LEVEL = 0;
				GCC_PREPROCESSOR_DEFINITIONS = (
					"DEBUG=1",
					"$(inherited)",
				);
				GCC_SYMBOLS_PRIVATE_EXTERN = NO;
				GCC_WARN_64_TO_32_BIT_CONVERSION = YES;
				GCC_WARN_ABOUT_RETURN_TYPE = YES_ERROR;
				GCC_WARN_UNDECLARED_SELECTOR = YES;
				GCC_WARN_UNINITIALIZED_AUTOS = YES_AGGRESSIVE;
				GCC_WARN_UNUSED_FUNCTION = YES;
				GCC_WARN_UNUSED_VARIABLE = YES;
				IPHONEOS_DEPLOYMENT_TARGET = 7.1;
				ONLY_ACTIVE_ARCH = YES;
				SDKROOT = iphoneos;
			};
			name = Debug;
		};
		18889C8619BAF20500D04FA1 /* Release */ = {
			isa = XCBuildConfiguration;
			buildSettings = {
				ALWAYS_SEARCH_USER_PATHS = NO;
				CLANG_CXX_LANGUAGE_STANDARD = "gnu++0x";
				CLANG_CXX_LIBRARY = "libc++";
				CLANG_ENABLE_MODULES = YES;
				CLANG_ENABLE_OBJC_ARC = YES;
				CLANG_WARN_BOOL_CONVERSION = YES;
				CLANG_WARN_CONSTANT_CONVERSION = YES;
				CLANG_WARN_DIRECT_OBJC_ISA_USAGE = YES_ERROR;
				CLANG_WARN_EMPTY_BODY = YES;
				CLANG_WARN_ENUM_CONVERSION = YES;
				CLANG_WARN_INT_CONVERSION = YES;
				CLANG_WARN_OBJC_ROOT_CLASS = YES_ERROR;
				CLANG_WARN__DUPLICATE_METHOD_MATCH = YES;
				"CODE_SIGN_IDENTITY[sdk=iphoneos*]" = "iPhone Developer";
				COPY_PHASE_STRIP = YES;
				ENABLE_NS_ASSERTIONS = NO;
				GCC_C_LANGUAGE_STANDARD = gnu99;
				GCC_WARN_64_TO_32_BIT_CONVERSION = YES;
				GCC_WARN_ABOUT_RETURN_TYPE = YES_ERROR;
				GCC_WARN_UNDECLARED_SELECTOR = YES;
				GCC_WARN_UNINITIALIZED_AUTOS = YES_AGGRESSIVE;
				GCC_WARN_UNUSED_FUNCTION = YES;
				GCC_WARN_UNUSED_VARIABLE = YES;
				IPHONEOS_DEPLOYMENT_TARGET = 7.1;
				SDKROOT = iphoneos;
				VALIDATE_PRODUCT = YES;
			};
			name = Release;
		};
		18889C8819BAF20500D04FA1 /* Debug */ = {
			isa = XCBuildConfiguration;
			buildSettings = {
				ASSETCATALOG_COMPILER_APPICON_NAME = AppIcon;
				ASSETCATALOG_COMPILER_LAUNCHIMAGE_NAME = LaunchImage;
				DEVELOPMENT_TEAM = XYBK7B7U6R;
				GCC_PRECOMPILE_PREFIX_HEADER = YES;
				GCC_PREFIX_HEADER = "08-转场动画/08-转场动画-Prefix.pch";
				INFOPLIST_FILE = "08-转场动画/08-转场动画-Info.plist";
				PRODUCT_NAME = "$(TARGET_NAME)";
				WRAPPER_EXTENSION = app;
			};
			name = Debug;
		};
		18889C8919BAF20500D04FA1 /* Release */ = {
			isa = XCBuildConfiguration;
			buildSettings = {
				ASSETCATALOG_COMPILER_APPICON_NAME = AppIcon;
				ASSETCATALOG_COMPILER_LAUNCHIMAGE_NAME = LaunchImage;
				DEVELOPMENT_TEAM = XYBK7B7U6R;
				GCC_PRECOMPILE_PREFIX_HEADER = YES;
				GCC_PREFIX_HEADER = "08-转场动画/08-转场动画-Prefix.pch";
				INFOPLIST_FILE = "08-转场动画/08-转场动画-Info.plist";
				PRODUCT_NAME = "$(TARGET_NAME)";
				WRAPPER_EXTENSION = app;
			};
			name = Release;
		};
		18889C8B19BAF20500D04FA1 /* Debug */ = {
			isa = XCBuildConfiguration;
			buildSettings = {
				BUNDLE_LOADER = "$(BUILT_PRODUCTS_DIR)/08-转场动画.app/08-转场动画";
				FRAMEWORK_SEARCH_PATHS = (
					"$(SDKROOT)/Developer/Library/Frameworks",
					"$(inherited)",
					"$(DEVELOPER_FRAMEWORKS_DIR)",
				);
				GCC_PRECOMPILE_PREFIX_HEADER = YES;
				GCC_PREFIX_HEADER = "08-转场动画/08-转场动画-Prefix.pch";
				GCC_PREPROCESSOR_DEFINITIONS = (
					"DEBUG=1",
					"$(inherited)",
				);
				INFOPLIST_FILE = "08-转场动画Tests/08-转场动画Tests-Info.plist";
				PRODUCT_NAME = "$(TARGET_NAME)";
				TEST_HOST = "$(BUNDLE_LOADER)";
				WRAPPER_EXTENSION = xctest;
			};
			name = Debug;
		};
		18889C8C19BAF20500D04FA1 /* Release */ = {
			isa = XCBuildConfiguration;
			buildSettings = {
				BUNDLE_LOADER = "$(BUILT_PRODUCTS_DIR)/08-转场动画.app/08-转场动画";
				FRAMEWORK_SEARCH_PATHS = (
					"$(SDKROOT)/Developer/Library/Frameworks",
					"$(inherited)",
					"$(DEVELOPER_FRAMEWORKS_DIR)",
				);
				GCC_PRECOMPILE_PREFIX_HEADER = YES;
				GCC_PREFIX_HEADER = "08-转场动画/08-转场动画-Prefix.pch";
				INFOPLIST_FILE = "08-转场动画Tests/08-转场动画Tests-Info.plist";
				PRODUCT_NAME = "$(TARGET_NAME)";
				TEST_HOST = "$(BUNDLE_LOADER)";
				WRAPPER_EXTENSION = xctest;
			};
			name = Release;
		};
/* End XCBuildConfiguration section */

/* Begin XCConfigurationList section */
		18889C5019BAF20500D04FA1 /* Build configuration list for PBXProject "08-转场动画" */ = {
			isa = XCConfigurationList;
			buildConfigurations = (
				18889C8519BAF20500D04FA1 /* Debug */,
				18889C8619BAF20500D04FA1 /* Release */,
			);
			defaultConfigurationIsVisible = 0;
			defaultConfigurationName = Release;
		};
		18889C8719BAF20500D04FA1 /* Build configuration list for PBXNativeTarget "08-转场动画" */ = {
			isa = XCConfigurationList;
			buildConfigurations = (
				18889C8819BAF20500D04FA1 /* Debug */,
				18889C8919BAF20500D04FA1 /* Release */,
			);
			defaultConfigurationIsVisible = 0;
			defaultConfigurationName = Release;
		};
		18889C8A19BAF20500D04FA1 /* Build configuration list for PBXNativeTarget "08-转场动画Tests" */ = {
			isa = XCConfigurationList;
			buildConfigurations = (
				18889C8B19BAF20500D04FA1 /* Debug */,
				18889C8C19BAF20500D04FA1 /* Release */,
			);
			defaultConfigurationIsVisible = 0;
			defaultConfigurationName = Release;
		};
/* End XCConfigurationList section */
	};
	rootObject = 18889C4D19BAF20500D04FA1 /* Project object */;
}
