// !$*UTF8*$!
{
	archiveVersion = 1;
	classes = {
	};
	objectVersion = 55;
	objects = {

/* Begin PBXBuildFile section */
		3D78B362271FAF600006FB09 /* TableViewController.m in Sources */ = {isa = PBXBuildFile; fileRef = 3D78B361271FAF600006FB09 /* TableViewController.m */; };
		3D78B367271FB9730006FB09 /* 0-transitionWithView.m in Sources */ = {isa = PBXBuildFile; fileRef = 3D78B366271FB9730006FB09 /* 0-transitionWithView.m */; };
		3D78B36A271FBD680006FB09 /* 0-asyncAnimation-异步动画.m in Sources */ = {isa = PBXBuildFile; fileRef = 3D78B369271FBD680006FB09 /* 0-asyncAnimation-异步动画.m */; };
		4ECB1615271EEBEE00C7E8F4 /* AppDelegate.m in Sources */ = {isa = PBXBuildFile; fileRef = 4ECB1614271EEBEE00C7E8F4 /* AppDelegate.m */; };
		4ECB1618271EEBEE00C7E8F4 /* SceneDelegate.m in Sources */ = {isa = PBXBuildFile; fileRef = 4ECB1617271EEBEE00C7E8F4 /* SceneDelegate.m */; };
		4ECB161B271EEBEE00C7E8F4 /* ViewController.m in Sources */ = {isa = PBXBuildFile; fileRef = 4ECB161A271EEBEE00C7E8F4 /* ViewController.m */; };
		4ECB161E271EEBEE00C7E8F4 /* Main.storyboard in Resources */ = {isa = PBXBuildFile; fileRef = 4ECB161C271EEBEE00C7E8F4 /* Main.storyboard */; };
		4ECB1620271EEBF200C7E8F4 /* Assets.xcassets in Resources */ = {isa = PBXBuildFile; fileRef = 4ECB161F271EEBF200C7E8F4 /* Assets.xcassets */; };
		4ECB1623271EEBF200C7E8F4 /* LaunchScreen.storyboard in Resources */ = {isa = PBXBuildFile; fileRef = 4ECB1621271EEBF200C7E8F4 /* LaunchScreen.storyboard */; };
		4ECB1626271EEBF200C7E8F4 /* main.m in Sources */ = {isa = PBXBuildFile; fileRef = 4ECB1625271EEBF200C7E8F4 /* main.m */; };
/* End PBXBuildFile section */

/* Begin PBXFileReference section */
		3D78B360271FAF600006FB09 /* TableViewController.h */ = {isa = PBXFileReference; lastKnownFileType = sourcecode.c.h; path = TableViewController.h; sourceTree = "<group>"; };
		3D78B361271FAF600006FB09 /* TableViewController.m */ = {isa = PBXFileReference; lastKnownFileType = sourcecode.c.objc; path = TableViewController.m; sourceTree = "<group>"; };
		3D78B365271FB9730006FB09 /* 0-transitionWithView.h */ = {isa = PBXFileReference; lastKnownFileType = sourcecode.c.h; path = "0-transitionWithView.h"; sourceTree = "<group>"; };
		3D78B366271FB9730006FB09 /* 0-transitionWithView.m */ = {isa = PBXFileReference; lastKnownFileType = sourcecode.c.objc; path = "0-transitionWithView.m"; sourceTree = "<group>"; };
		3D78B368271FBD680006FB09 /* 0-asyncAnimation-异步动画.h */ = {isa = PBXFileReference; lastKnownFileType = sourcecode.c.h; path = "0-asyncAnimation-异步动画.h"; sourceTree = "<group>"; };
		3D78B369271FBD680006FB09 /* 0-asyncAnimation-异步动画.m */ = {isa = PBXFileReference; lastKnownFileType = sourcecode.c.objc; path = "0-asyncAnimation-异步动画.m"; sourceTree = "<group>"; };
		4ECB1610271EEBEE00C7E8F4 /* Animation_test.app */ = {isa = PBXFileReference; explicitFileType = wrapper.application; includeInIndex = 0; path = Animation_test.app; sourceTree = BUILT_PRODUCTS_DIR; };
		4ECB1613271EEBEE00C7E8F4 /* AppDelegate.h */ = {isa = PBXFileReference; lastKnownFileType = sourcecode.c.h; path = AppDelegate.h; sourceTree = "<group>"; };
		4ECB1614271EEBEE00C7E8F4 /* AppDelegate.m */ = {isa = PBXFileReference; lastKnownFileType = sourcecode.c.objc; path = AppDelegate.m; sourceTree = "<group>"; };
		4ECB1616271EEBEE00C7E8F4 /* SceneDelegate.h */ = {isa = PBXFileReference; lastKnownFileType = sourcecode.c.h; path = SceneDelegate.h; sourceTree = "<group>"; };
		4ECB1617271EEBEE00C7E8F4 /* SceneDelegate.m */ = {isa = PBXFileReference; lastKnownFileType = sourcecode.c.objc; path = SceneDelegate.m; sourceTree = "<group>"; };
		4ECB1619271EEBEE00C7E8F4 /* ViewController.h */ = {isa = PBXFileReference; lastKnownFileType = sourcecode.c.h; path = ViewController.h; sourceTree = "<group>"; };
		4ECB161A271EEBEE00C7E8F4 /* ViewController.m */ = {isa = PBXFileReference; lastKnownFileType = sourcecode.c.objc; path = ViewController.m; sourceTree = "<group>"; };
		4ECB161D271EEBEE00C7E8F4 /* Base */ = {isa = PBXFileReference; lastKnownFileType = file.storyboard; name = Base; path = Base.lproj/Main.storyboard; sourceTree = "<group>"; };
		4ECB161F271EEBF200C7E8F4 /* Assets.xcassets */ = {isa = PBXFileReference; lastKnownFileType = folder.assetcatalog; path = Assets.xcassets; sourceTree = "<group>"; };
		4ECB1622271EEBF200C7E8F4 /* Base */ = {isa = PBXFileReference; lastKnownFileType = file.storyboard; name = Base; path = Base.lproj/LaunchScreen.storyboard; sourceTree = "<group>"; };
		4ECB1624271EEBF200C7E8F4 /* Info.plist */ = {isa = PBXFileReference; lastKnownFileType = text.plist.xml; path = Info.plist; sourceTree = "<group>"; };
		4ECB1625271EEBF200C7E8F4 /* main.m */ = {isa = PBXFileReference; lastKnownFileType = sourcecode.c.objc; path = main.m; sourceTree = "<group>"; };
/* End PBXFileReference section */

/* Begin PBXFrameworksBuildPhase section */
		4ECB160D271EEBEE00C7E8F4 /* Frameworks */ = {
			isa = PBXFrameworksBuildPhase;
			buildActionMask = 2147483647;
			files = (
			);
			runOnlyForDeploymentPostprocessing = 0;
		};
/* End PBXFrameworksBuildPhase section */

/* Begin PBXGroup section */
		3D78B363271FB9000006FB09 /* 1-UIView_animation */ = {
			isa = PBXGroup;
			children = (
				3D78B365271FB9730006FB09 /* 0-transitionWithView.h */,
				3D78B366271FB9730006FB09 /* 0-transitionWithView.m */,
			);
			path = "1-UIView_animation";
			sourceTree = "<group>";
		};
		3D78B364271FB91E0006FB09 /* 2-Core_Animation */ = {
			isa = PBXGroup;
			children = (
				3D78B368271FBD680006FB09 /* 0-asyncAnimation-异步动画.h */,
				3D78B369271FBD680006FB09 /* 0-asyncAnimation-异步动画.m */,
			);
			path = "2-Core_Animation";
			sourceTree = "<group>";
		};
		4ECB1607271EEBEE00C7E8F4 = {
			isa = PBXGroup;
			children = (
				4ECB1612271EEBEE00C7E8F4 /* Animation_test */,
				4ECB1611271EEBEE00C7E8F4 /* Products */,
			);
			sourceTree = "<group>";
		};
		4ECB1611271EEBEE00C7E8F4 /* Products */ = {
			isa = PBXGroup;
			children = (
				4ECB1610271EEBEE00C7E8F4 /* Animation_test.app */,
			);
			name = Products;
			sourceTree = "<group>";
		};
		4ECB1612271EEBEE00C7E8F4 /* Animation_test */ = {
			isa = PBXGroup;
			children = (
				4ECB1613271EEBEE00C7E8F4 /* AppDelegate.h */,
				4ECB1614271EEBEE00C7E8F4 /* AppDelegate.m */,
				4ECB1616271EEBEE00C7E8F4 /* SceneDelegate.h */,
				4ECB1617271EEBEE00C7E8F4 /* SceneDelegate.m */,
				3D78B360271FAF600006FB09 /* TableViewController.h */,
				3D78B361271FAF600006FB09 /* TableViewController.m */,
				4ECB1619271EEBEE00C7E8F4 /* ViewController.h */,
				4ECB161A271EEBEE00C7E8F4 /* ViewController.m */,
				3D78B363271FB9000006FB09 /* 1-UIView_animation */,
				3D78B364271FB91E0006FB09 /* 2-Core_Animation */,
				4ECB161C271EEBEE00C7E8F4 /* Main.storyboard */,
				4ECB161F271EEBF200C7E8F4 /* Assets.xcassets */,
				4ECB1621271EEBF200C7E8F4 /* LaunchScreen.storyboard */,
				4ECB1624271EEBF200C7E8F4 /* Info.plist */,
				4ECB1625271EEBF200C7E8F4 /* main.m */,
			);
			path = Animation_test;
			sourceTree = "<group>";
		};
/* End PBXGroup section */

/* Begin PBXNativeTarget section */
		4ECB160F271EEBEE00C7E8F4 /* Animation_test */ = {
			isa = PBXNativeTarget;
			buildConfigurationList = 4ECB1629271EEBF200C7E8F4 /* Build configuration list for PBXNativeTarget "Animation_test" */;
			buildPhases = (
				4ECB160C271EEBEE00C7E8F4 /* Sources */,
				4ECB160D271EEBEE00C7E8F4 /* Frameworks */,
				4ECB160E271EEBEE00C7E8F4 /* Resources */,
			);
			buildRules = (
			);
			dependencies = (
			);
			name = Animation_test;
			productName = UI_test;
			productReference = 4ECB1610271EEBEE00C7E8F4 /* Animation_test.app */;
			productType = "com.apple.product-type.application";
		};
/* End PBXNativeTarget section */

/* Begin PBXProject section */
		4ECB1608271EEBEE00C7E8F4 /* Project object */ = {
			isa = PBXProject;
			attributes = {
				BuildIndependentTargetsInParallel = 1;
				LastUpgradeCheck = 1300;
				TargetAttributes = {
					4ECB160F271EEBEE00C7E8F4 = {
						CreatedOnToolsVersion = 13.0;
					};
				};
			};
			buildConfigurationList = 4ECB160B271EEBEE00C7E8F4 /* Build configuration list for PBXProject "Animation_test" */;
			compatibilityVersion = "Xcode 13.0";
			developmentRegion = en;
			hasScannedForEncodings = 0;
			knownRegions = (
				en,
				Base,
			);
			mainGroup = 4ECB1607271EEBEE00C7E8F4;
			productRefGroup = 4ECB1611271EEBEE00C7E8F4 /* Products */;
			projectDirPath = "";
			projectRoot = "";
			targets = (
				4ECB160F271EEBEE00C7E8F4 /* Animation_test */,
			);
		};
/* End PBXProject section */

/* Begin PBXResourcesBuildPhase section */
		4ECB160E271EEBEE00C7E8F4 /* Resources */ = {
			isa = PBXResourcesBuildPhase;
			buildActionMask = 2147483647;
			files = (
				4ECB1623271EEBF200C7E8F4 /* LaunchScreen.storyboard in Resources */,
				4ECB1620271EEBF200C7E8F4 /* Assets.xcassets in Resources */,
				4ECB161E271EEBEE00C7E8F4 /* Main.storyboard in Resources */,
			);
			runOnlyForDeploymentPostprocessing = 0;
		};
/* End PBXResourcesBuildPhase section */

/* Begin PBXSourcesBuildPhase section */
		4ECB160C271EEBEE00C7E8F4 /* Sources */ = {
			isa = PBXSourcesBuildPhase;
			buildActionMask = 2147483647;
			files = (
				4ECB161B271EEBEE00C7E8F4 /* ViewController.m in Sources */,
				4ECB1615271EEBEE00C7E8F4 /* AppDelegate.m in Sources */,
				4ECB1626271EEBF200C7E8F4 /* main.m in Sources */,
				3D78B367271FB9730006FB09 /* 0-transitionWithView.m in Sources */,
				3D78B36A271FBD680006FB09 /* 0-asyncAnimation-异步动画.m in Sources */,
				3D78B362271FAF600006FB09 /* TableViewController.m in Sources */,
				4ECB1618271EEBEE00C7E8F4 /* SceneDelegate.m in Sources */,
			);
			runOnlyForDeploymentPostprocessing = 0;
		};
/* End PBXSourcesBuildPhase section */

/* Begin PBXVariantGroup section */
		4ECB161C271EEBEE00C7E8F4 /* Main.storyboard */ = {
			isa = PBXVariantGroup;
			children = (
				4ECB161D271EEBEE00C7E8F4 /* Base */,
			);
			name = Main.storyboard;
			sourceTree = "<group>";
		};
		4ECB1621271EEBF200C7E8F4 /* LaunchScreen.storyboard */ = {
			isa = PBXVariantGroup;
			children = (
				4ECB1622271EEBF200C7E8F4 /* Base */,
			);
			name = LaunchScreen.storyboard;
			sourceTree = "<group>";
		};
/* End PBXVariantGroup section */

/* Begin XCBuildConfiguration section */
		4ECB1627271EEBF200C7E8F4 /* Debug */ = {
			isa = XCBuildConfiguration;
			buildSettings = {
				ALWAYS_SEARCH_USER_PATHS = NO;
				CLANG_ANALYZER_NONNULL = YES;
				CLANG_ANALYZER_NUMBER_OBJECT_CONVERSION = YES_AGGRESSIVE;
				CLANG_CXX_LANGUAGE_STANDARD = "gnu++17";
				CLANG_CXX_LIBRARY = "libc++";
				CLANG_ENABLE_MODULES = YES;
				CLANG_ENABLE_OBJC_ARC = YES;
				CLANG_ENABLE_OBJC_WEAK = YES;
				CLANG_WARN_BLOCK_CAPTURE_AUTORELEASING = YES;
				CLANG_WARN_BOOL_CONVERSION = YES;
				CLANG_WARN_COMMA = YES;
				CLANG_WARN_CONSTANT_CONVERSION = YES;
				CLANG_WARN_DEPRECATED_OBJC_IMPLEMENTATIONS = YES;
				CLANG_WARN_DIRECT_OBJC_ISA_USAGE = YES_ERROR;
				CLANG_WARN_DOCUMENTATION_COMMENTS = YES;
				CLANG_WARN_EMPTY_BODY = YES;
				CLANG_WARN_ENUM_CONVERSION = YES;
				CLANG_WARN_INFINITE_RECURSION = YES;
				CLANG_WARN_INT_CONVERSION = YES;
				CLANG_WARN_NON_LITERAL_NULL_CONVERSION = YES;
				CLANG_WARN_OBJC_IMPLICIT_RETAIN_SELF = YES;
				CLANG_WARN_OBJC_LITERAL_CONVERSION = YES;
				CLANG_WARN_OBJC_ROOT_CLASS = YES_ERROR;
				CLANG_WARN_QUOTED_INCLUDE_IN_FRAMEWORK_HEADER = YES;
				CLANG_WARN_RANGE_LOOP_ANALYSIS = YES;
				CLANG_WARN_STRICT_PROTOTYPES = YES;
				CLANG_WARN_SUSPICIOUS_MOVE = YES;
				CLANG_WARN_UNGUARDED_AVAILABILITY = YES_AGGRESSIVE;
				CLANG_WARN_UNREACHABLE_CODE = YES;
				CLANG_WARN__DUPLICATE_METHOD_MATCH = YES;
				COPY_PHASE_STRIP = NO;
				DEBUG_INFORMATION_FORMAT = dwarf;
				ENABLE_STRICT_OBJC_MSGSEND = YES;
				ENABLE_TESTABILITY = YES;
				GCC_C_LANGUAGE_STANDARD = gnu11;
				GCC_DYNAMIC_NO_PIC = NO;
				GCC_NO_COMMON_BLOCKS = YES;
				GCC_OPTIMIZATION_LEVEL = 0;
				GCC_PREPROCESSOR_DEFINITIONS = (
					"DEBUG=1",
					"$(inherited)",
				);
				GCC_WARN_64_TO_32_BIT_CONVERSION = YES;
				GCC_WARN_ABOUT_RETURN_TYPE = YES_ERROR;
				GCC_WARN_UNDECLARED_SELECTOR = YES;
				GCC_WARN_UNINITIALIZED_AUTOS = YES_AGGRESSIVE;
				GCC_WARN_UNUSED_FUNCTION = YES;
				GCC_WARN_UNUSED_VARIABLE = YES;
				IPHONEOS_DEPLOYMENT_TARGET = 15.0;
				MTL_ENABLE_DEBUG_INFO = INCLUDE_SOURCE;
				MTL_FAST_MATH = YES;
				ONLY_ACTIVE_ARCH = YES;
				SDKROOT = iphoneos;
			};
			name = Debug;
		};
		4ECB1628271EEBF200C7E8F4 /* Release */ = {
			isa = XCBuildConfiguration;
			buildSettings = {
				ALWAYS_SEARCH_USER_PATHS = NO;
				CLANG_ANALYZER_NONNULL = YES;
				CLANG_ANALYZER_NUMBER_OBJECT_CONVERSION = YES_AGGRESSIVE;
				CLANG_CXX_LANGUAGE_STANDARD = "gnu++17";
				CLANG_CXX_LIBRARY = "libc++";
				CLANG_ENABLE_MODULES = YES;
				CLANG_ENABLE_OBJC_ARC = YES;
				CLANG_ENABLE_OBJC_WEAK = YES;
				CLANG_WARN_BLOCK_CAPTURE_AUTORELEASING = YES;
				CLANG_WARN_BOOL_CONVERSION = YES;
				CLANG_WARN_COMMA = YES;
				CLANG_WARN_CONSTANT_CONVERSION = YES;
				CLANG_WARN_DEPRECATED_OBJC_IMPLEMENTATIONS = YES;
				CLANG_WARN_DIRECT_OBJC_ISA_USAGE = YES_ERROR;
				CLANG_WARN_DOCUMENTATION_COMMENTS = YES;
				CLANG_WARN_EMPTY_BODY = YES;
				CLANG_WARN_ENUM_CONVERSION = YES;
				CLANG_WARN_INFINITE_RECURSION = YES;
				CLANG_WARN_INT_CONVERSION = YES;
				CLANG_WARN_NON_LITERAL_NULL_CONVERSION = YES;
				CLANG_WARN_OBJC_IMPLICIT_RETAIN_SELF = YES;
				CLANG_WARN_OBJC_LITERAL_CONVERSION = YES;
				CLANG_WARN_OBJC_ROOT_CLASS = YES_ERROR;
				CLANG_WARN_QUOTED_INCLUDE_IN_FRAMEWORK_HEADER = YES;
				CLANG_WARN_RANGE_LOOP_ANALYSIS = YES;
				CLANG_WARN_STRICT_PROTOTYPES = YES;
				CLANG_WARN_SUSPICIOUS_MOVE = YES;
				CLANG_WARN_UNGUARDED_AVAILABILITY = YES_AGGRESSIVE;
				CLANG_WARN_UNREACHABLE_CODE = YES;
				CLANG_WARN__DUPLICATE_METHOD_MATCH = YES;
				COPY_PHASE_STRIP = NO;
				DEBUG_INFORMATION_FORMAT = "dwarf-with-dsym";
				ENABLE_NS_ASSERTIONS = NO;
				ENABLE_STRICT_OBJC_MSGSEND = YES;
				GCC_C_LANGUAGE_STANDARD = gnu11;
				GCC_NO_COMMON_BLOCKS = YES;
				GCC_WARN_64_TO_32_BIT_CONVERSION = YES;
				GCC_WARN_ABOUT_RETURN_TYPE = YES_ERROR;
				GCC_WARN_UNDECLARED_SELECTOR = YES;
				GCC_WARN_UNINITIALIZED_AUTOS = YES_AGGRESSIVE;
				GCC_WARN_UNUSED_FUNCTION = YES;
				GCC_WARN_UNUSED_VARIABLE = YES;
				IPHONEOS_DEPLOYMENT_TARGET = 15.0;
				MTL_ENABLE_DEBUG_INFO = NO;
				MTL_FAST_MATH = YES;
				SDKROOT = iphoneos;
				VALIDATE_PRODUCT = YES;
			};
			name = Release;
		};
		4ECB162A271EEBF200C7E8F4 /* Debug */ = {
			isa = XCBuildConfiguration;
			buildSettings = {
				ASSETCATALOG_COMPILER_APPICON_NAME = AppIcon;
				ASSETCATALOG_COMPILER_GLOBAL_ACCENT_COLOR_NAME = AccentColor;
				CODE_SIGN_STYLE = Automatic;
				CURRENT_PROJECT_VERSION = 1;
				DEVELOPMENT_TEAM = D36K7X2XVG;
				GENERATE_INFOPLIST_FILE = YES;
				INFOPLIST_FILE = Animation_test/Info.plist;
				INFOPLIST_KEY_UIApplicationSupportsIndirectInputEvents = YES;
				INFOPLIST_KEY_UILaunchStoryboardName = LaunchScreen;
				INFOPLIST_KEY_UIMainStoryboardFile = Main;
				INFOPLIST_KEY_UISupportedInterfaceOrientations_iPad = "UIInterfaceOrientationPortrait UIInterfaceOrientationPortraitUpsideDown UIInterfaceOrientationLandscapeLeft UIInterfaceOrientationLandscapeRight";
				INFOPLIST_KEY_UISupportedInterfaceOrientations_iPhone = "UIInterfaceOrientationPortrait UIInterfaceOrientationLandscapeLeft UIInterfaceOrientationLandscapeRight";
				LD_RUNPATH_SEARCH_PATHS = (
					"$(inherited)",
					"@executable_path/Frameworks",
				);
				MARKETING_VERSION = 1.0;
				PRODUCT_BUNDLE_IDENTIFIER = "bn.UI-test";
				PRODUCT_NAME = "$(TARGET_NAME)";
				SWIFT_EMIT_LOC_STRINGS = YES;
				TARGETED_DEVICE_FAMILY = "1,2";
			};
			name = Debug;
		};
		4ECB162B271EEBF200C7E8F4 /* Release */ = {
			isa = XCBuildConfiguration;
			buildSettings = {
				ASSETCATALOG_COMPILER_APPICON_NAME = AppIcon;
				ASSETCATALOG_COMPILER_GLOBAL_ACCENT_COLOR_NAME = AccentColor;
				CODE_SIGN_STYLE = Automatic;
				CURRENT_PROJECT_VERSION = 1;
				DEVELOPMENT_TEAM = D36K7X2XVG;
				GENERATE_INFOPLIST_FILE = YES;
				INFOPLIST_FILE = Animation_test/Info.plist;
				INFOPLIST_KEY_UIApplicationSupportsIndirectInputEvents = YES;
				INFOPLIST_KEY_UILaunchStoryboardName = LaunchScreen;
				INFOPLIST_KEY_UIMainStoryboardFile = Main;
				INFOPLIST_KEY_UISupportedInterfaceOrientations_iPad = "UIInterfaceOrientationPortrait UIInterfaceOrientationPortraitUpsideDown UIInterfaceOrientationLandscapeLeft UIInterfaceOrientationLandscapeRight";
				INFOPLIST_KEY_UISupportedInterfaceOrientations_iPhone = "UIInterfaceOrientationPortrait UIInterfaceOrientationLandscapeLeft UIInterfaceOrientationLandscapeRight";
				LD_RUNPATH_SEARCH_PATHS = (
					"$(inherited)",
					"@executable_path/Frameworks",
				);
				MARKETING_VERSION = 1.0;
				PRODUCT_BUNDLE_IDENTIFIER = "bn.UI-test";
				PRODUCT_NAME = "$(TARGET_NAME)";
				SWIFT_EMIT_LOC_STRINGS = YES;
				TARGETED_DEVICE_FAMILY = "1,2";
			};
			name = Release;
		};
/* End XCBuildConfiguration section */

/* Begin XCConfigurationList section */
		4ECB160B271EEBEE00C7E8F4 /* Build configuration list for PBXProject "Animation_test" */ = {
			isa = XCConfigurationList;
			buildConfigurations = (
				4ECB1627271EEBF200C7E8F4 /* Debug */,
				4ECB1628271EEBF200C7E8F4 /* Release */,
			);
			defaultConfigurationIsVisible = 0;
			defaultConfigurationName = Release;
		};
		4ECB1629271EEBF200C7E8F4 /* Build configuration list for PBXNativeTarget "Animation_test" */ = {
			isa = XCConfigurationList;
			buildConfigurations = (
				4ECB162A271EEBF200C7E8F4 /* Debug */,
				4ECB162B271EEBF200C7E8F4 /* Release */,
			);
			defaultConfigurationIsVisible = 0;
			defaultConfigurationName = Release;
		};
/* End XCConfigurationList section */
	};
	rootObject = 4ECB1608271EEBEE00C7E8F4 /* Project object */;
}
