// !$*UTF8*$!
{
	archiveVersion = 1;
	classes = {
	};
	objectVersion = 55;
	objects = {

/* Begin PBXBuildFile section */
		4E144A3C2720638C001FC451 /* AppDelegate.m in Sources */ = {isa = PBXBuildFile; fileRef = 4E144A3B2720638C001FC451 /* AppDelegate.m */; };
		4E144A3F2720638C001FC451 /* SceneDelegate.m in Sources */ = {isa = PBXBuildFile; fileRef = 4E144A3E2720638C001FC451 /* SceneDelegate.m */; };
		4E144A422720638C001FC451 /* ViewController.m in Sources */ = {isa = PBXBuildFile; fileRef = 4E144A412720638C001FC451 /* ViewController.m */; };
		4E144A452720638C001FC451 /* Main.storyboard in Resources */ = {isa = PBXBuildFile; fileRef = 4E144A432720638C001FC451 /* Main.storyboard */; };
		4E144A4727206390001FC451 /* Assets.xcassets in Resources */ = {isa = PBXBuildFile; fileRef = 4E144A4627206390001FC451 /* Assets.xcassets */; };
		4E144A4A27206390001FC451 /* LaunchScreen.storyboard in Resources */ = {isa = PBXBuildFile; fileRef = 4E144A4827206390001FC451 /* LaunchScreen.storyboard */; };
		4E144A4D27206390001FC451 /* main.m in Sources */ = {isa = PBXBuildFile; fileRef = 4E144A4C27206390001FC451 /* main.m */; };
		A5247725BB4DDE5F932D11A2 /* Pods_net_diagnosis_test.framework in Frameworks */ = {isa = PBXBuildFile; fileRef = A77841DB2BB1C1C46E7656F3 /* Pods_net_diagnosis_test.framework */; };
/* End PBXBuildFile section */

/* Begin PBXFileReference section */
		4E144A372720638C001FC451 /* net_diagnosis_test.app */ = {isa = PBXFileReference; explicitFileType = wrapper.application; includeInIndex = 0; path = net_diagnosis_test.app; sourceTree = BUILT_PRODUCTS_DIR; };
		4E144A3A2720638C001FC451 /* AppDelegate.h */ = {isa = PBXFileReference; lastKnownFileType = sourcecode.c.h; path = AppDelegate.h; sourceTree = "<group>"; };
		4E144A3B2720638C001FC451 /* AppDelegate.m */ = {isa = PBXFileReference; lastKnownFileType = sourcecode.c.objc; path = AppDelegate.m; sourceTree = "<group>"; };
		4E144A3D2720638C001FC451 /* SceneDelegate.h */ = {isa = PBXFileReference; lastKnownFileType = sourcecode.c.h; path = SceneDelegate.h; sourceTree = "<group>"; };
		4E144A3E2720638C001FC451 /* SceneDelegate.m */ = {isa = PBXFileReference; lastKnownFileType = sourcecode.c.objc; path = SceneDelegate.m; sourceTree = "<group>"; };
		4E144A402720638C001FC451 /* ViewController.h */ = {isa = PBXFileReference; lastKnownFileType = sourcecode.c.h; path = ViewController.h; sourceTree = "<group>"; };
		4E144A412720638C001FC451 /* ViewController.m */ = {isa = PBXFileReference; lastKnownFileType = sourcecode.c.objc; path = ViewController.m; sourceTree = "<group>"; };
		4E144A442720638C001FC451 /* Base */ = {isa = PBXFileReference; lastKnownFileType = file.storyboard; name = Base; path = Base.lproj/Main.storyboard; sourceTree = "<group>"; };
		4E144A4627206390001FC451 /* Assets.xcassets */ = {isa = PBXFileReference; lastKnownFileType = folder.assetcatalog; path = Assets.xcassets; sourceTree = "<group>"; };
		4E144A4927206390001FC451 /* Base */ = {isa = PBXFileReference; lastKnownFileType = file.storyboard; name = Base; path = Base.lproj/LaunchScreen.storyboard; sourceTree = "<group>"; };
		4E144A4B27206390001FC451 /* Info.plist */ = {isa = PBXFileReference; lastKnownFileType = text.plist.xml; path = Info.plist; sourceTree = "<group>"; };
		4E144A4C27206390001FC451 /* main.m */ = {isa = PBXFileReference; lastKnownFileType = sourcecode.c.objc; path = main.m; sourceTree = "<group>"; };
		91F662D6D8B5E12691700730 /* Pods-net_diagnosis_test.debug.xcconfig */ = {isa = PBXFileReference; includeInIndex = 1; lastKnownFileType = text.xcconfig; name = "Pods-net_diagnosis_test.debug.xcconfig"; path = "Target Support Files/Pods-net_diagnosis_test/Pods-net_diagnosis_test.debug.xcconfig"; sourceTree = "<group>"; };
		A77841DB2BB1C1C46E7656F3 /* Pods_net_diagnosis_test.framework */ = {isa = PBXFileReference; explicitFileType = wrapper.framework; includeInIndex = 0; path = Pods_net_diagnosis_test.framework; sourceTree = BUILT_PRODUCTS_DIR; };
		C5FF8128AD9EABE01ED7E398 /* Pods-net_diagnosis_test.release.xcconfig */ = {isa = PBXFileReference; includeInIndex = 1; lastKnownFileType = text.xcconfig; name = "Pods-net_diagnosis_test.release.xcconfig"; path = "Target Support Files/Pods-net_diagnosis_test/Pods-net_diagnosis_test.release.xcconfig"; sourceTree = "<group>"; };
/* End PBXFileReference section */

/* Begin PBXFrameworksBuildPhase section */
		4E144A342720638C001FC451 /* Frameworks */ = {
			isa = PBXFrameworksBuildPhase;
			buildActionMask = 2147483647;
			files = (
				A5247725BB4DDE5F932D11A2 /* Pods_net_diagnosis_test.framework in Frameworks */,
			);
			runOnlyForDeploymentPostprocessing = 0;
		};
/* End PBXFrameworksBuildPhase section */

/* Begin PBXGroup section */
		4E144A2E2720638C001FC451 = {
			isa = PBXGroup;
			children = (
				4E144A392720638C001FC451 /* net_diagnosis_test */,
				4E144A382720638C001FC451 /* Products */,
				73402A075D7C8974A99E10A8 /* Pods */,
				8B8F07A8F3CC9A6A3BD6F11B /* Frameworks */,
			);
			sourceTree = "<group>";
		};
		4E144A382720638C001FC451 /* Products */ = {
			isa = PBXGroup;
			children = (
				4E144A372720638C001FC451 /* net_diagnosis_test.app */,
			);
			name = Products;
			sourceTree = "<group>";
		};
		4E144A392720638C001FC451 /* net_diagnosis_test */ = {
			isa = PBXGroup;
			children = (
				4E144A3A2720638C001FC451 /* AppDelegate.h */,
				4E144A3B2720638C001FC451 /* AppDelegate.m */,
				4E144A3D2720638C001FC451 /* SceneDelegate.h */,
				4E144A3E2720638C001FC451 /* SceneDelegate.m */,
				4E144A402720638C001FC451 /* ViewController.h */,
				4E144A412720638C001FC451 /* ViewController.m */,
				4E144A432720638C001FC451 /* Main.storyboard */,
				4E144A4627206390001FC451 /* Assets.xcassets */,
				4E144A4827206390001FC451 /* LaunchScreen.storyboard */,
				4E144A4B27206390001FC451 /* Info.plist */,
				4E144A4C27206390001FC451 /* main.m */,
			);
			path = net_diagnosis_test;
			sourceTree = "<group>";
		};
		73402A075D7C8974A99E10A8 /* Pods */ = {
			isa = PBXGroup;
			children = (
				91F662D6D8B5E12691700730 /* Pods-net_diagnosis_test.debug.xcconfig */,
				C5FF8128AD9EABE01ED7E398 /* Pods-net_diagnosis_test.release.xcconfig */,
			);
			path = Pods;
			sourceTree = "<group>";
		};
		8B8F07A8F3CC9A6A3BD6F11B /* Frameworks */ = {
			isa = PBXGroup;
			children = (
				A77841DB2BB1C1C46E7656F3 /* Pods_net_diagnosis_test.framework */,
			);
			name = Frameworks;
			sourceTree = "<group>";
		};
/* End PBXGroup section */

/* Begin PBXNativeTarget section */
		4E144A362720638C001FC451 /* net_diagnosis_test */ = {
			isa = PBXNativeTarget;
			buildConfigurationList = 4E144A5027206390001FC451 /* Build configuration list for PBXNativeTarget "net_diagnosis_test" */;
			buildPhases = (
				08566BD08D6B376CD1A08002 /* [CP] Check Pods Manifest.lock */,
				4E144A332720638C001FC451 /* Sources */,
				4E144A342720638C001FC451 /* Frameworks */,
				4E144A352720638C001FC451 /* Resources */,
				1D8DFEAEBAA15BB9745387CC /* [CP] Embed Pods Frameworks */,
			);
			buildRules = (
			);
			dependencies = (
			);
			name = net_diagnosis_test;
			productName = net_diagnosis_test;
			productReference = 4E144A372720638C001FC451 /* net_diagnosis_test.app */;
			productType = "com.apple.product-type.application";
		};
/* End PBXNativeTarget section */

/* Begin PBXProject section */
		4E144A2F2720638C001FC451 /* Project object */ = {
			isa = PBXProject;
			attributes = {
				BuildIndependentTargetsInParallel = 1;
				LastUpgradeCheck = 1300;
				TargetAttributes = {
					4E144A362720638C001FC451 = {
						CreatedOnToolsVersion = 13.0;
					};
				};
			};
			buildConfigurationList = 4E144A322720638C001FC451 /* Build configuration list for PBXProject "net_diagnosis_test" */;
			compatibilityVersion = "Xcode 13.0";
			developmentRegion = en;
			hasScannedForEncodings = 0;
			knownRegions = (
				en,
				Base,
			);
			mainGroup = 4E144A2E2720638C001FC451;
			productRefGroup = 4E144A382720638C001FC451 /* Products */;
			projectDirPath = "";
			projectRoot = "";
			targets = (
				4E144A362720638C001FC451 /* net_diagnosis_test */,
			);
		};
/* End PBXProject section */

/* Begin PBXResourcesBuildPhase section */
		4E144A352720638C001FC451 /* Resources */ = {
			isa = PBXResourcesBuildPhase;
			buildActionMask = 2147483647;
			files = (
				4E144A4A27206390001FC451 /* LaunchScreen.storyboard in Resources */,
				4E144A4727206390001FC451 /* Assets.xcassets in Resources */,
				4E144A452720638C001FC451 /* Main.storyboard in Resources */,
			);
			runOnlyForDeploymentPostprocessing = 0;
		};
/* End PBXResourcesBuildPhase section */

/* Begin PBXShellScriptBuildPhase section */
		08566BD08D6B376CD1A08002 /* [CP] Check Pods Manifest.lock */ = {
			isa = PBXShellScriptBuildPhase;
			buildActionMask = 2147483647;
			files = (
			);
			inputFileListPaths = (
			);
			inputPaths = (
				"${PODS_PODFILE_DIR_PATH}/Podfile.lock",
				"${PODS_ROOT}/Manifest.lock",
			);
			name = "[CP] Check Pods Manifest.lock";
			outputFileListPaths = (
			);
			outputPaths = (
				"$(DERIVED_FILE_DIR)/Pods-net_diagnosis_test-checkManifestLockResult.txt",
			);
			runOnlyForDeploymentPostprocessing = 0;
			shellPath = /bin/sh;
			shellScript = "diff \"${PODS_PODFILE_DIR_PATH}/Podfile.lock\" \"${PODS_ROOT}/Manifest.lock\" > /dev/null\nif [ $? != 0 ] ; then\n    # print error to STDERR\n    echo \"error: The sandbox is not in sync with the Podfile.lock. Run 'pod install' or update your CocoaPods installation.\" >&2\n    exit 1\nfi\n# This output is used by Xcode 'outputs' to avoid re-running this script phase.\necho \"SUCCESS\" > \"${SCRIPT_OUTPUT_FILE_0}\"\n";
			showEnvVarsInLog = 0;
		};
		1D8DFEAEBAA15BB9745387CC /* [CP] Embed Pods Frameworks */ = {
			isa = PBXShellScriptBuildPhase;
			buildActionMask = 2147483647;
			files = (
			);
			inputFileListPaths = (
				"${PODS_ROOT}/Target Support Files/Pods-net_diagnosis_test/Pods-net_diagnosis_test-frameworks-${CONFIGURATION}-input-files.xcfilelist",
			);
			name = "[CP] Embed Pods Frameworks";
			outputFileListPaths = (
				"${PODS_ROOT}/Target Support Files/Pods-net_diagnosis_test/Pods-net_diagnosis_test-frameworks-${CONFIGURATION}-output-files.xcfilelist",
			);
			runOnlyForDeploymentPostprocessing = 0;
			shellPath = /bin/sh;
			shellScript = "\"${PODS_ROOT}/Target Support Files/Pods-net_diagnosis_test/Pods-net_diagnosis_test-frameworks.sh\"\n";
			showEnvVarsInLog = 0;
		};
/* End PBXShellScriptBuildPhase section */

/* Begin PBXSourcesBuildPhase section */
		4E144A332720638C001FC451 /* Sources */ = {
			isa = PBXSourcesBuildPhase;
			buildActionMask = 2147483647;
			files = (
				4E144A422720638C001FC451 /* ViewController.m in Sources */,
				4E144A3C2720638C001FC451 /* AppDelegate.m in Sources */,
				4E144A4D27206390001FC451 /* main.m in Sources */,
				4E144A3F2720638C001FC451 /* SceneDelegate.m in Sources */,
			);
			runOnlyForDeploymentPostprocessing = 0;
		};
/* End PBXSourcesBuildPhase section */

/* Begin PBXVariantGroup section */
		4E144A432720638C001FC451 /* Main.storyboard */ = {
			isa = PBXVariantGroup;
			children = (
				4E144A442720638C001FC451 /* Base */,
			);
			name = Main.storyboard;
			sourceTree = "<group>";
		};
		4E144A4827206390001FC451 /* LaunchScreen.storyboard */ = {
			isa = PBXVariantGroup;
			children = (
				4E144A4927206390001FC451 /* Base */,
			);
			name = LaunchScreen.storyboard;
			sourceTree = "<group>";
		};
/* End PBXVariantGroup section */

/* Begin XCBuildConfiguration section */
		4E144A4E27206390001FC451 /* Debug */ = {
			isa = XCBuildConfiguration;
			buildSettings = {
				ALWAYS_SEARCH_USER_PATHS = NO;
				CLANG_ANALYZER_NONNULL = YES;
				CLANG_ANALYZER_NUMBER_OBJECT_CONVERSION = YES_AGGRESSIVE;
				CLANG_CXX_LANGUAGE_STANDARD = "gnu++17";
				CLANG_CXX_LIBRARY = "libc++";
				CLANG_ENABLE_MODULES = YES;
				CLANG_ENABLE_OBJC_ARC = YES;
				CLANG_ENABLE_OBJC_WEAK = YES;
				CLANG_WARN_BLOCK_CAPTURE_AUTORELEASING = YES;
				CLANG_WARN_BOOL_CONVERSION = YES;
				CLANG_WARN_COMMA = YES;
				CLANG_WARN_CONSTANT_CONVERSION = YES;
				CLANG_WARN_DEPRECATED_OBJC_IMPLEMENTATIONS = YES;
				CLANG_WARN_DIRECT_OBJC_ISA_USAGE = YES_ERROR;
				CLANG_WARN_DOCUMENTATION_COMMENTS = YES;
				CLANG_WARN_EMPTY_BODY = YES;
				CLANG_WARN_ENUM_CONVERSION = YES;
				CLANG_WARN_INFINITE_RECURSION = YES;
				CLANG_WARN_INT_CONVERSION = YES;
				CLANG_WARN_NON_LITERAL_NULL_CONVERSION = YES;
				CLANG_WARN_OBJC_IMPLICIT_RETAIN_SELF = YES;
				CLANG_WARN_OBJC_LITERAL_CONVERSION = YES;
				CLANG_WARN_OBJC_ROOT_CLASS = YES_ERROR;
				CLANG_WARN_QUOTED_INCLUDE_IN_FRAMEWORK_HEADER = YES;
				CLANG_WARN_RANGE_LOOP_ANALYSIS = YES;
				CLANG_WARN_STRICT_PROTOTYPES = YES;
				CLANG_WARN_SUSPICIOUS_MOVE = YES;
				CLANG_WARN_UNGUARDED_AVAILABILITY = YES_AGGRESSIVE;
				CLANG_WARN_UNREACHABLE_CODE = YES;
				CLANG_WARN__DUPLICATE_METHOD_MATCH = YES;
				COPY_PHASE_STRIP = NO;
				DEBUG_INFORMATION_FORMAT = dwarf;
				ENABLE_STRICT_OBJC_MSGSEND = YES;
				ENABLE_TESTABILITY = YES;
				GCC_C_LANGUAGE_STANDARD = gnu11;
				GCC_DYNAMIC_NO_PIC = NO;
				GCC_NO_COMMON_BLOCKS = YES;
				GCC_OPTIMIZATION_LEVEL = 0;
				GCC_PREPROCESSOR_DEFINITIONS = (
					"DEBUG=1",
					"$(inherited)",
				);
				GCC_WARN_64_TO_32_BIT_CONVERSION = YES;
				GCC_WARN_ABOUT_RETURN_TYPE = YES_ERROR;
				GCC_WARN_UNDECLARED_SELECTOR = YES;
				GCC_WARN_UNINITIALIZED_AUTOS = YES_AGGRESSIVE;
				GCC_WARN_UNUSED_FUNCTION = YES;
				GCC_WARN_UNUSED_VARIABLE = YES;
				IPHONEOS_DEPLOYMENT_TARGET = 15.0;
				MTL_ENABLE_DEBUG_INFO = INCLUDE_SOURCE;
				MTL_FAST_MATH = YES;
				ONLY_ACTIVE_ARCH = YES;
				SDKROOT = iphoneos;
			};
			name = Debug;
		};
		4E144A4F27206390001FC451 /* Release */ = {
			isa = XCBuildConfiguration;
			buildSettings = {
				ALWAYS_SEARCH_USER_PATHS = NO;
				CLANG_ANALYZER_NONNULL = YES;
				CLANG_ANALYZER_NUMBER_OBJECT_CONVERSION = YES_AGGRESSIVE;
				CLANG_CXX_LANGUAGE_STANDARD = "gnu++17";
				CLANG_CXX_LIBRARY = "libc++";
				CLANG_ENABLE_MODULES = YES;
				CLANG_ENABLE_OBJC_ARC = YES;
				CLANG_ENABLE_OBJC_WEAK = YES;
				CLANG_WARN_BLOCK_CAPTURE_AUTORELEASING = YES;
				CLANG_WARN_BOOL_CONVERSION = YES;
				CLANG_WARN_COMMA = YES;
				CLANG_WARN_CONSTANT_CONVERSION = YES;
				CLANG_WARN_DEPRECATED_OBJC_IMPLEMENTATIONS = YES;
				CLANG_WARN_DIRECT_OBJC_ISA_USAGE = YES_ERROR;
				CLANG_WARN_DOCUMENTATION_COMMENTS = YES;
				CLANG_WARN_EMPTY_BODY = YES;
				CLANG_WARN_ENUM_CONVERSION = YES;
				CLANG_WARN_INFINITE_RECURSION = YES;
				CLANG_WARN_INT_CONVERSION = YES;
				CLANG_WARN_NON_LITERAL_NULL_CONVERSION = YES;
				CLANG_WARN_OBJC_IMPLICIT_RETAIN_SELF = YES;
				CLANG_WARN_OBJC_LITERAL_CONVERSION = YES;
				CLANG_WARN_OBJC_ROOT_CLASS = YES_ERROR;
				CLANG_WARN_QUOTED_INCLUDE_IN_FRAMEWORK_HEADER = YES;
				CLANG_WARN_RANGE_LOOP_ANALYSIS = YES;
				CLANG_WARN_STRICT_PROTOTYPES = YES;
				CLANG_WARN_SUSPICIOUS_MOVE = YES;
				CLANG_WARN_UNGUARDED_AVAILABILITY = YES_AGGRESSIVE;
				CLANG_WARN_UNREACHABLE_CODE = YES;
				CLANG_WARN__DUPLICATE_METHOD_MATCH = YES;
				COPY_PHASE_STRIP = NO;
				DEBUG_INFORMATION_FORMAT = "dwarf-with-dsym";
				ENABLE_NS_ASSERTIONS = NO;
				ENABLE_STRICT_OBJC_MSGSEND = YES;
				GCC_C_LANGUAGE_STANDARD = gnu11;
				GCC_NO_COMMON_BLOCKS = YES;
				GCC_WARN_64_TO_32_BIT_CONVERSION = YES;
				GCC_WARN_ABOUT_RETURN_TYPE = YES_ERROR;
				GCC_WARN_UNDECLARED_SELECTOR = YES;
				GCC_WARN_UNINITIALIZED_AUTOS = YES_AGGRESSIVE;
				GCC_WARN_UNUSED_FUNCTION = YES;
				GCC_WARN_UNUSED_VARIABLE = YES;
				IPHONEOS_DEPLOYMENT_TARGET = 15.0;
				MTL_ENABLE_DEBUG_INFO = NO;
				MTL_FAST_MATH = YES;
				SDKROOT = iphoneos;
				VALIDATE_PRODUCT = YES;
			};
			name = Release;
		};
		4E144A5127206390001FC451 /* Debug */ = {
			isa = XCBuildConfiguration;
			baseConfigurationReference = 91F662D6D8B5E12691700730 /* Pods-net_diagnosis_test.debug.xcconfig */;
			buildSettings = {
				ASSETCATALOG_COMPILER_APPICON_NAME = AppIcon;
				ASSETCATALOG_COMPILER_GLOBAL_ACCENT_COLOR_NAME = AccentColor;
				CODE_SIGN_STYLE = Automatic;
				CURRENT_PROJECT_VERSION = 1;
				DEVELOPMENT_TEAM = VYDC264HUJ;
				ENABLE_BITCODE = NO;
				GENERATE_INFOPLIST_FILE = YES;
				INFOPLIST_FILE = net_diagnosis_test/Info.plist;
				INFOPLIST_KEY_UIApplicationSupportsIndirectInputEvents = YES;
				INFOPLIST_KEY_UILaunchStoryboardName = LaunchScreen;
				INFOPLIST_KEY_UIMainStoryboardFile = Main;
				INFOPLIST_KEY_UISupportedInterfaceOrientations_iPad = "UIInterfaceOrientationPortrait UIInterfaceOrientationPortraitUpsideDown UIInterfaceOrientationLandscapeLeft UIInterfaceOrientationLandscapeRight";
				INFOPLIST_KEY_UISupportedInterfaceOrientations_iPhone = "UIInterfaceOrientationPortrait UIInterfaceOrientationLandscapeLeft UIInterfaceOrientationLandscapeRight";
				IPHONEOS_DEPLOYMENT_TARGET = 9.3;
				LD_RUNPATH_SEARCH_PATHS = (
					"$(inherited)",
					"@executable_path/Frameworks",
				);
				MARKETING_VERSION = 1.0;
				PRODUCT_BUNDLE_IDENTIFIER = "bn.net-diagnosis-test";
				PRODUCT_NAME = "$(TARGET_NAME)";
				SWIFT_EMIT_LOC_STRINGS = YES;
				TARGETED_DEVICE_FAMILY = 1;
			};
			name = Debug;
		};
		4E144A5227206390001FC451 /* Release */ = {
			isa = XCBuildConfiguration;
			baseConfigurationReference = C5FF8128AD9EABE01ED7E398 /* Pods-net_diagnosis_test.release.xcconfig */;
			buildSettings = {
				ASSETCATALOG_COMPILER_APPICON_NAME = AppIcon;
				ASSETCATALOG_COMPILER_GLOBAL_ACCENT_COLOR_NAME = AccentColor;
				CODE_SIGN_STYLE = Automatic;
				CURRENT_PROJECT_VERSION = 1;
				DEVELOPMENT_TEAM = VYDC264HUJ;
				ENABLE_BITCODE = NO;
				GENERATE_INFOPLIST_FILE = YES;
				INFOPLIST_FILE = net_diagnosis_test/Info.plist;
				INFOPLIST_KEY_UIApplicationSupportsIndirectInputEvents = YES;
				INFOPLIST_KEY_UILaunchStoryboardName = LaunchScreen;
				INFOPLIST_KEY_UIMainStoryboardFile = Main;
				INFOPLIST_KEY_UISupportedInterfaceOrientations_iPad = "UIInterfaceOrientationPortrait UIInterfaceOrientationPortraitUpsideDown UIInterfaceOrientationLandscapeLeft UIInterfaceOrientationLandscapeRight";
				INFOPLIST_KEY_UISupportedInterfaceOrientations_iPhone = "UIInterfaceOrientationPortrait UIInterfaceOrientationLandscapeLeft UIInterfaceOrientationLandscapeRight";
				IPHONEOS_DEPLOYMENT_TARGET = 9.3;
				LD_RUNPATH_SEARCH_PATHS = (
					"$(inherited)",
					"@executable_path/Frameworks",
				);
				MARKETING_VERSION = 1.0;
				PRODUCT_BUNDLE_IDENTIFIER = "bn.net-diagnosis-test";
				PRODUCT_NAME = "$(TARGET_NAME)";
				SWIFT_EMIT_LOC_STRINGS = YES;
				TARGETED_DEVICE_FAMILY = 1;
			};
			name = Release;
		};
/* End XCBuildConfiguration section */

/* Begin XCConfigurationList section */
		4E144A322720638C001FC451 /* Build configuration list for PBXProject "net_diagnosis_test" */ = {
			isa = XCConfigurationList;
			buildConfigurations = (
				4E144A4E27206390001FC451 /* Debug */,
				4E144A4F27206390001FC451 /* Release */,
			);
			defaultConfigurationIsVisible = 0;
			defaultConfigurationName = Release;
		};
		4E144A5027206390001FC451 /* Build configuration list for PBXNativeTarget "net_diagnosis_test" */ = {
			isa = XCConfigurationList;
			buildConfigurations = (
				4E144A5127206390001FC451 /* Debug */,
				4E144A5227206390001FC451 /* Release */,
			);
			defaultConfigurationIsVisible = 0;
			defaultConfigurationName = Release;
		};
/* End XCConfigurationList section */
	};
	rootObject = 4E144A2F2720638C001FC451 /* Project object */;
}
